
Microsoft Visual Studio Solution File, Format Version 12.00
# Visual Studio 15
VisualStudioVersion = 15.0.27130.2010
MinimumVisualStudioVersion = 10.0.40219.1
Project("{8BC9CEB8-8B4A-11D0-8D11-00A0C91BC942}") = "MotorCalibration", "MotorCalibration\MotorCalibration.vcxproj", "{8C11965B-5EC2-49D2-B76A-714ABDBEF6BA}"
EndProject
Global
	GlobalSection(SolutionConfigurationPlatforms) = preSolution
		Debug|ARM = Debug|ARM
		Release|ARM = Release|ARM
	EndGlobalSection
	GlobalSection(ProjectConfigurationPlatforms) = postSolution
		{8C11965B-5EC2-49D2-B76A-714ABDBEF6BA}.Debug|ARM.ActiveCfg = Debug|ARM
		{8C11965B-5EC2-49D2-B76A-714ABDBEF6BA}.Debug|ARM.Build.0 = Debug|ARM
		{8C11965B-5EC2-49D2-B76A-714ABDBEF6BA}.Release|ARM.ActiveCfg = Release|ARM
		{8C11965B-5EC2-49D2-B76A-714ABDBEF6BA}.Release|ARM.Build.0 = Release|ARM
	EndGlobalSection
	GlobalSection(SolutionProperties) = preSolution
		HideSolutionNode = FALSE
	EndGlobalSection
	GlobalSection(ExtensibilityGlobals) = postSolution
		SolutionGuid = {F19329DF-9C55-46EA-A5CE-1E6B7B2D578C}
	EndGlobalSection
EndGlobal
