
Microsoft Visual Studio Solution File, Format Version 12.00
# Visual Studio 15
VisualStudioVersion = 15.0.27004.2008
MinimumVisualStudioVersion = 10.0.40219.1
Project("{8BC9CEB8-8B4A-11D0-8D11-00A0C91BC942}") = "Robotic_Arm_RspPi", "Robotic_Arm_RspPi\Robotic_Arm_RspPi.vcxproj", "{851A0894-41B9-4423-8C0B-89B45F1576A7}"
EndProject
Global
	GlobalSection(SolutionConfigurationPlatforms) = preSolution
		Debug|ARM = Debug|ARM
		Release|ARM = Release|ARM
	EndGlobalSection
	GlobalSection(ProjectConfigurationPlatforms) = postSolution
		{851A0894-41B9-4423-8C0B-89B45F1576A7}.Debug|ARM.ActiveCfg = Debug|ARM
		{851A0894-41B9-4423-8C0B-89B45F1576A7}.Debug|ARM.Build.0 = Debug|ARM
		{851A0894-41B9-4423-8C0B-89B45F1576A7}.Release|ARM.ActiveCfg = Release|ARM
		{851A0894-41B9-4423-8C0B-89B45F1576A7}.Release|ARM.Build.0 = Release|ARM
	EndGlobalSection
	GlobalSection(SolutionProperties) = preSolution
		HideSolutionNode = FALSE
	EndGlobalSection
	GlobalSection(ExtensibilityGlobals) = postSolution
		SolutionGuid = {F9C30561-7E85-4892-8705-3E19A2BCBEFB}
	EndGlobalSection
EndGlobal
